
Microsoft Visual Studio Solution File, Format Version 12.00
# Visual Studio Version 16
VisualStudioVersion = 16.0.32413.511
MinimumVisualStudioVersion = 10.0.40219.1
Project("{9A19103F-16F7-4668-BE54-9A1E7A4F7556}") = "Buttons01(1)", "Buttons01(1)\Buttons01(1).csproj", "{D10D1996-A263-4885-9B36-51ECD85A7FD4}"
EndProject
Project("{9A19103F-16F7-4668-BE54-9A1E7A4F7556}") = "Buttons02", "Buttons02\Buttons02.csproj", "{FE5B3858-F761-4FB9-AECA-EF219C19973B}"
EndProject
Project("{9A19103F-16F7-4668-BE54-9A1E7A4F7556}") = "Buttons03", "Buttons03\Buttons03.csproj", "{888E4645-70F1-401C-9B32-A74C47F1FDEE}"
EndProject
Project("{9A19103F-16F7-4668-BE54-9A1E7A4F7556}") = "Buttons04", "Buttons04\Buttons04.csproj", "{AAD029D7-34BF-4B3F-A829-D5D05AE1BF64}"
EndProject
Project("{9A19103F-16F7-4668-BE54-9A1E7A4F7556}") = "Buttons05", "Buttons05\Buttons05.csproj", "{E9F6BF7C-8424-48D8-BD6E-01E1DF8A819D}"
EndProject
Project("{9A19103F-16F7-4668-BE54-9A1E7A4F7556}") = "Text01", "Text01\Text01.csproj", "{8C87B6F9-D4C6-41DD-8BE1-F6913CB287DC}"
EndProject
Project("{9A19103F-16F7-4668-BE54-9A1E7A4F7556}") = "Text02", "Text02\Text02.csproj", "{ACBE8E82-939A-4AEE-81F7-BA5BF2532AC6}"
EndProject
Project("{9A19103F-16F7-4668-BE54-9A1E7A4F7556}") = "Text03", "Text03\Text03.csproj", "{D587721E-732E-4302-BCA3-AE1480D1434A}"
EndProject
Project("{9A19103F-16F7-4668-BE54-9A1E7A4F7556}") = "Canvas01", "Canvas01\Canvas01.csproj", "{8AB4B6A2-670C-4726-8C7D-B8DB73E1DC6F}"
EndProject
Project("{9A19103F-16F7-4668-BE54-9A1E7A4F7556}") = "Canvas02", "Canvas02\Canvas02.csproj", "{862DD03F-A9B1-432D-B50F-AC56136F7295}"
EndProject
Project("{9A19103F-16F7-4668-BE54-9A1E7A4F7556}") = "Canvas03", "Canvas03\Canvas03.csproj", "{877203DF-8A85-4846-9D1A-8EE1223C011B}"
EndProject
Project("{9A19103F-16F7-4668-BE54-9A1E7A4F7556}") = "Checkbox01", "Checkbox01\Checkbox01.csproj", "{B506C810-341D-485B-B1C6-E4D577DF95E1}"
EndProject
Project("{9A19103F-16F7-4668-BE54-9A1E7A4F7556}") = "Checkbox02", "Checkbox02\Checkbox02.csproj", "{A5DE4D42-F715-4244-B6D2-A129DFE6B6E3}"
EndProject
Project("{9A19103F-16F7-4668-BE54-9A1E7A4F7556}") = "RadioButton01", "RadioButton01\RadioButton01.csproj", "{782F1D0C-9FE3-4538-AB20-2078A62E42FA}"
EndProject
Project("{9A19103F-16F7-4668-BE54-9A1E7A4F7556}") = "RadioButton02", "RadioButton02\RadioButton02.csproj", "{9AB037E0-AE95-4058-95DD-FE39673709E2}"
EndProject
Project("{9A19103F-16F7-4668-BE54-9A1E7A4F7556}") = "ItemsControls01", "ItemsControls01\ItemsControls01.csproj", "{1F9BC7D5-670C-47BA-A892-C7EC95A2C8C2}"
EndProject
Project("{FAE04EC0-301F-11D3-BF4B-00C04F79EFBC}") = "Master-Detail01", "Master-Detail01\Master-Detail01.csproj", "{6F5D7DD6-D676-4D90-A75A-F22CD02266AD}"
EndProject
Global
	GlobalSection(SolutionConfigurationPlatforms) = preSolution
		Debug|Any CPU = Debug|Any CPU
		Release|Any CPU = Release|Any CPU
	EndGlobalSection
	GlobalSection(ProjectConfigurationPlatforms) = postSolution
		{D10D1996-A263-4885-9B36-51ECD85A7FD4}.Debug|Any CPU.ActiveCfg = Debug|Any CPU
		{D10D1996-A263-4885-9B36-51ECD85A7FD4}.Debug|Any CPU.Build.0 = Debug|Any CPU
		{D10D1996-A263-4885-9B36-51ECD85A7FD4}.Release|Any CPU.ActiveCfg = Release|Any CPU
		{D10D1996-A263-4885-9B36-51ECD85A7FD4}.Release|Any CPU.Build.0 = Release|Any CPU
		{FE5B3858-F761-4FB9-AECA-EF219C19973B}.Debug|Any CPU.ActiveCfg = Debug|Any CPU
		{FE5B3858-F761-4FB9-AECA-EF219C19973B}.Debug|Any CPU.Build.0 = Debug|Any CPU
		{FE5B3858-F761-4FB9-AECA-EF219C19973B}.Release|Any CPU.ActiveCfg = Release|Any CPU
		{FE5B3858-F761-4FB9-AECA-EF219C19973B}.Release|Any CPU.Build.0 = Release|Any CPU
		{888E4645-70F1-401C-9B32-A74C47F1FDEE}.Debug|Any CPU.ActiveCfg = Debug|Any CPU
		{888E4645-70F1-401C-9B32-A74C47F1FDEE}.Debug|Any CPU.Build.0 = Debug|Any CPU
		{888E4645-70F1-401C-9B32-A74C47F1FDEE}.Release|Any CPU.ActiveCfg = Release|Any CPU
		{888E4645-70F1-401C-9B32-A74C47F1FDEE}.Release|Any CPU.Build.0 = Release|Any CPU
		{AAD029D7-34BF-4B3F-A829-D5D05AE1BF64}.Debug|Any CPU.ActiveCfg = Debug|Any CPU
		{AAD029D7-34BF-4B3F-A829-D5D05AE1BF64}.Debug|Any CPU.Build.0 = Debug|Any CPU
		{AAD029D7-34BF-4B3F-A829-D5D05AE1BF64}.Release|Any CPU.ActiveCfg = Release|Any CPU
		{AAD029D7-34BF-4B3F-A829-D5D05AE1BF64}.Release|Any CPU.Build.0 = Release|Any CPU
		{E9F6BF7C-8424-48D8-BD6E-01E1DF8A819D}.Debug|Any CPU.ActiveCfg = Debug|Any CPU
		{E9F6BF7C-8424-48D8-BD6E-01E1DF8A819D}.Debug|Any CPU.Build.0 = Debug|Any CPU
		{E9F6BF7C-8424-48D8-BD6E-01E1DF8A819D}.Release|Any CPU.ActiveCfg = Release|Any CPU
		{E9F6BF7C-8424-48D8-BD6E-01E1DF8A819D}.Release|Any CPU.Build.0 = Release|Any CPU
		{8C87B6F9-D4C6-41DD-8BE1-F6913CB287DC}.Debug|Any CPU.ActiveCfg = Debug|Any CPU
		{8C87B6F9-D4C6-41DD-8BE1-F6913CB287DC}.Debug|Any CPU.Build.0 = Debug|Any CPU
		{8C87B6F9-D4C6-41DD-8BE1-F6913CB287DC}.Release|Any CPU.ActiveCfg = Release|Any CPU
		{8C87B6F9-D4C6-41DD-8BE1-F6913CB287DC}.Release|Any CPU.Build.0 = Release|Any CPU
		{ACBE8E82-939A-4AEE-81F7-BA5BF2532AC6}.Debug|Any CPU.ActiveCfg = Debug|Any CPU
		{ACBE8E82-939A-4AEE-81F7-BA5BF2532AC6}.Debug|Any CPU.Build.0 = Debug|Any CPU
		{ACBE8E82-939A-4AEE-81F7-BA5BF2532AC6}.Release|Any CPU.ActiveCfg = Release|Any CPU
		{ACBE8E82-939A-4AEE-81F7-BA5BF2532AC6}.Release|Any CPU.Build.0 = Release|Any CPU
		{D587721E-732E-4302-BCA3-AE1480D1434A}.Debug|Any CPU.ActiveCfg = Debug|Any CPU
		{D587721E-732E-4302-BCA3-AE1480D1434A}.Debug|Any CPU.Build.0 = Debug|Any CPU
		{D587721E-732E-4302-BCA3-AE1480D1434A}.Release|Any CPU.ActiveCfg = Release|Any CPU
		{D587721E-732E-4302-BCA3-AE1480D1434A}.Release|Any CPU.Build.0 = Release|Any CPU
		{8AB4B6A2-670C-4726-8C7D-B8DB73E1DC6F}.Debug|Any CPU.ActiveCfg = Debug|Any CPU
		{8AB4B6A2-670C-4726-8C7D-B8DB73E1DC6F}.Debug|Any CPU.Build.0 = Debug|Any CPU
		{8AB4B6A2-670C-4726-8C7D-B8DB73E1DC6F}.Release|Any CPU.ActiveCfg = Release|Any CPU
		{8AB4B6A2-670C-4726-8C7D-B8DB73E1DC6F}.Release|Any CPU.Build.0 = Release|Any CPU
		{862DD03F-A9B1-432D-B50F-AC56136F7295}.Debug|Any CPU.ActiveCfg = Debug|Any CPU
		{862DD03F-A9B1-432D-B50F-AC56136F7295}.Debug|Any CPU.Build.0 = Debug|Any CPU
		{862DD03F-A9B1-432D-B50F-AC56136F7295}.Release|Any CPU.ActiveCfg = Release|Any CPU
		{862DD03F-A9B1-432D-B50F-AC56136F7295}.Release|Any CPU.Build.0 = Release|Any CPU
		{877203DF-8A85-4846-9D1A-8EE1223C011B}.Debug|Any CPU.ActiveCfg = Debug|Any CPU
		{877203DF-8A85-4846-9D1A-8EE1223C011B}.Debug|Any CPU.Build.0 = Debug|Any CPU
		{877203DF-8A85-4846-9D1A-8EE1223C011B}.Release|Any CPU.ActiveCfg = Release|Any CPU
		{877203DF-8A85-4846-9D1A-8EE1223C011B}.Release|Any CPU.Build.0 = Release|Any CPU
		{B506C810-341D-485B-B1C6-E4D577DF95E1}.Debug|Any CPU.ActiveCfg = Debug|Any CPU
		{B506C810-341D-485B-B1C6-E4D577DF95E1}.Debug|Any CPU.Build.0 = Debug|Any CPU
		{B506C810-341D-485B-B1C6-E4D577DF95E1}.Release|Any CPU.ActiveCfg = Release|Any CPU
		{B506C810-341D-485B-B1C6-E4D577DF95E1}.Release|Any CPU.Build.0 = Release|Any CPU
		{A5DE4D42-F715-4244-B6D2-A129DFE6B6E3}.Debug|Any CPU.ActiveCfg = Debug|Any CPU
		{A5DE4D42-F715-4244-B6D2-A129DFE6B6E3}.Debug|Any CPU.Build.0 = Debug|Any CPU
		{A5DE4D42-F715-4244-B6D2-A129DFE6B6E3}.Release|Any CPU.ActiveCfg = Release|Any CPU
		{A5DE4D42-F715-4244-B6D2-A129DFE6B6E3}.Release|Any CPU.Build.0 = Release|Any CPU
		{782F1D0C-9FE3-4538-AB20-2078A62E42FA}.Debug|Any CPU.ActiveCfg = Debug|Any CPU
		{782F1D0C-9FE3-4538-AB20-2078A62E42FA}.Debug|Any CPU.Build.0 = Debug|Any CPU
		{782F1D0C-9FE3-4538-AB20-2078A62E42FA}.Release|Any CPU.ActiveCfg = Release|Any CPU
		{782F1D0C-9FE3-4538-AB20-2078A62E42FA}.Release|Any CPU.Build.0 = Release|Any CPU
		{9AB037E0-AE95-4058-95DD-FE39673709E2}.Debug|Any CPU.ActiveCfg = Debug|Any CPU
		{9AB037E0-AE95-4058-95DD-FE39673709E2}.Debug|Any CPU.Build.0 = Debug|Any CPU
		{9AB037E0-AE95-4058-95DD-FE39673709E2}.Release|Any CPU.ActiveCfg = Release|Any CPU
		{9AB037E0-AE95-4058-95DD-FE39673709E2}.Release|Any CPU.Build.0 = Release|Any CPU
		{1F9BC7D5-670C-47BA-A892-C7EC95A2C8C2}.Debug|Any CPU.ActiveCfg = Debug|Any CPU
		{1F9BC7D5-670C-47BA-A892-C7EC95A2C8C2}.Debug|Any CPU.Build.0 = Debug|Any CPU
		{1F9BC7D5-670C-47BA-A892-C7EC95A2C8C2}.Release|Any CPU.ActiveCfg = Release|Any CPU
		{1F9BC7D5-670C-47BA-A892-C7EC95A2C8C2}.Release|Any CPU.Build.0 = Release|Any CPU
		{6F5D7DD6-D676-4D90-A75A-F22CD02266AD}.Debug|Any CPU.ActiveCfg = Debug|Any CPU
		{6F5D7DD6-D676-4D90-A75A-F22CD02266AD}.Debug|Any CPU.Build.0 = Debug|Any CPU
		{6F5D7DD6-D676-4D90-A75A-F22CD02266AD}.Release|Any CPU.ActiveCfg = Release|Any CPU
		{6F5D7DD6-D676-4D90-A75A-F22CD02266AD}.Release|Any CPU.Build.0 = Release|Any CPU
	EndGlobalSection
	GlobalSection(SolutionProperties) = preSolution
		HideSolutionNode = FALSE
	EndGlobalSection
	GlobalSection(ExtensibilityGlobals) = postSolution
		SolutionGuid = {74ABBEB4-A17A-4FED-BF7D-A84A42BD31D9}
	EndGlobalSection
EndGlobal
